{
  "name": "resser",
  "version": "1.0.0",
  "lockfileVersion": 1,
  "requires": true,
  "dependencies": {
    "clarinet": {
      "version": "0.12.3",
      "resolved": "http://r.cnpmjs.org/clarinet/download/clarinet-0.12.3.tgz",
      "integrity": "sha1-gIT40UZQ+L3dfbl7fq5IFYKgP2A="
    },
    "events": {
      "version": "3.0.0",
      "resolved": "http://r.cnpmjs.org/events/download/events-3.0.0.tgz",
      "integrity": "sha1-mgoN+vYok9krh1uPJpjKQRSXPog="
    },
    "eventyoshi": {
      "version": "0.2.1",
      "resolved": "http://r.cnpmjs.org/eventyoshi/download/eventyoshi-0.2.1.tgz",
      "integrity": "sha1-4RDkfBGXUT/xk3VCqZ007QMkuNQ="
    },
    "feedme": {
      "version": "1.2.0",
      "resolved": "http://r.cnpmjs.org/feedme/download/feedme-1.2.0.tgz",
      "integrity": "sha1-cEkknBtO9Sk+SJBt6NnIYmzg/UY=",
      "requires": {
        "clarinet": "^0.12.0",
        "eventyoshi": "^0.2.0",
        "sax": "^1.0.0"
      }
    },
    "http": {
      "version": "0.0.0",
      "resolved": "http://r.cnpmjs.org/http/download/http-0.0.0.tgz",
      "integrity": "sha1-huYybSnF0Dnen6xYSkVon5KfT3I="
    },
    "sax": {
      "version": "1.2.4",
      "resolved": "http://r.cnpmjs.org/sax/download/sax-1.2.4.tgz",
      "integrity": "sha1-KBYjTiN4vdxOU1T6tcqold9xANk="
    }
  }
}
